
Microsoft Visual Studio Solution File, Format Version 12.00
# Visual Studio Version 17
VisualStudioVersion = 17.5.002.0
MinimumVisualStudioVersion = 10.0.40219.1
Project("{9A19103F-16F7-4668-BE54-9A1E7A4F7556}") = "program001-vypis-rady", "program001-vypis-rady.csproj", "{D297635E-6653-42D9-B06F-4198782EE49D}"
EndProject
Global
	GlobalSection(SolutionConfigurationPlatforms) = preSolution
		Debug|Any CPU = Debug|Any CPU
		Release|Any CPU = Release|Any CPU
	EndGlobalSection
	GlobalSection(ProjectConfigurationPlatforms) = postSolution
		{D297635E-6653-42D9-B06F-4198782EE49D}.Debug|Any CPU.ActiveCfg = Debug|Any CPU
		{D297635E-6653-42D9-B06F-4198782EE49D}.Debug|Any CPU.Build.0 = Debug|Any CPU
		{D297635E-6653-42D9-B06F-4198782EE49D}.Release|Any CPU.ActiveCfg = Release|Any CPU
		{D297635E-6653-42D9-B06F-4198782EE49D}.Release|Any CPU.Build.0 = Release|Any CPU
	EndGlobalSection
	GlobalSection(SolutionProperties) = preSolution
		HideSolutionNode = FALSE
	EndGlobalSection
	GlobalSection(ExtensibilityGlobals) = postSolution
		SolutionGuid = {F4D0083D-3540-4F47-ADEE-FF87D6BD7A97}
	EndGlobalSection
EndGlobal
