
Microsoft Visual Studio Solution File, Format Version 12.00
# Visual Studio Version 17
VisualStudioVersion = 17.5.002.0
MinimumVisualStudioVersion = 10.0.40219.1
Project("{9A19103F-16F7-4668-BE54-9A1E7A4F7556}") = "program006-analyza-textu", "program006-analyza-textu.csproj", "{E5AD664F-D66F-45B6-A7D0-0B03CBB0F379}"
EndProject
Global
	GlobalSection(SolutionConfigurationPlatforms) = preSolution
		Debug|Any CPU = Debug|Any CPU
		Release|Any CPU = Release|Any CPU
	EndGlobalSection
	GlobalSection(ProjectConfigurationPlatforms) = postSolution
		{E5AD664F-D66F-45B6-A7D0-0B03CBB0F379}.Debug|Any CPU.ActiveCfg = Debug|Any CPU
		{E5AD664F-D66F-45B6-A7D0-0B03CBB0F379}.Debug|Any CPU.Build.0 = Debug|Any CPU
		{E5AD664F-D66F-45B6-A7D0-0B03CBB0F379}.Release|Any CPU.ActiveCfg = Release|Any CPU
		{E5AD664F-D66F-45B6-A7D0-0B03CBB0F379}.Release|Any CPU.Build.0 = Release|Any CPU
	EndGlobalSection
	GlobalSection(SolutionProperties) = preSolution
		HideSolutionNode = FALSE
	EndGlobalSection
	GlobalSection(ExtensibilityGlobals) = postSolution
		SolutionGuid = {2BC0BDB9-EDC9-40E9-839D-2B5C01D6A9E2}
	EndGlobalSection
EndGlobal
